
Microsoft Visual Studio Solution File, Format Version 12.00
# Visual Studio Version 17
VisualStudioVersion = 17.14.36908.2 d17.14
MinimumVisualStudioVersion = 10.0.40219.1
Project("{FAE04EC0-301F-11D3-BF4B-00C04F79EFBC}") = "DocAI.Api", "DocAI.Api\DocAI.Api.csproj", "{EC666DDF-3D22-4876-98CD-5348E8E979F6}"
EndProject
Global
	GlobalSection(SolutionConfigurationPlatforms) = preSolution
		Debug|Any CPU = Debug|Any CPU
		Release|Any CPU = Release|Any CPU
	EndGlobalSection
	GlobalSection(ProjectConfigurationPlatforms) = postSolution
		{EC666DDF-3D22-4876-98CD-5348E8E979F6}.Debug|Any CPU.ActiveCfg = Debug|Any CPU
		{EC666DDF-3D22-4876-98CD-5348E8E979F6}.Debug|Any CPU.Build.0 = Debug|Any CPU
		{EC666DDF-3D22-4876-98CD-5348E8E979F6}.Release|Any CPU.ActiveCfg = Release|Any CPU
		{EC666DDF-3D22-4876-98CD-5348E8E979F6}.Release|Any CPU.Build.0 = Release|Any CPU
	EndGlobalSection
	GlobalSection(SolutionProperties) = preSolution
		HideSolutionNode = FALSE
	EndGlobalSection
	GlobalSection(ExtensibilityGlobals) = postSolution
		SolutionGuid = {F1366183-1CC7-47E6-9F04-D97988C06887}
	EndGlobalSection
EndGlobal
